
Microsoft Visual Studio Solution File, Format Version 12.00
# Visual Studio Version 17
VisualStudioVersion = 17.14.36414.22 d17.14
MinimumVisualStudioVersion = 10.0.40219.1
Project("{FAE04EC0-301F-11D3-BF4B-00C04F79EFBC}") = "GelbooruScrapper", "GelbooruScrapper\GelbooruScrapper.csproj", "{E01662E4-C6F4-421C-ADE3-DE713CF2727D}"
EndProject
Global
	GlobalSection(SolutionConfigurationPlatforms) = preSolution
		Debug|Any CPU = Debug|Any CPU
		Release|Any CPU = Release|Any CPU
	EndGlobalSection
	GlobalSection(ProjectConfigurationPlatforms) = postSolution
		{E01662E4-C6F4-421C-ADE3-DE713CF2727D}.Debug|Any CPU.ActiveCfg = Debug|Any CPU
		{E01662E4-C6F4-421C-ADE3-DE713CF2727D}.Debug|Any CPU.Build.0 = Debug|Any CPU
		{E01662E4-C6F4-421C-ADE3-DE713CF2727D}.Release|Any CPU.ActiveCfg = Release|Any CPU
		{E01662E4-C6F4-421C-ADE3-DE713CF2727D}.Release|Any CPU.Build.0 = Release|Any CPU
	EndGlobalSection
	GlobalSection(SolutionProperties) = preSolution
		HideSolutionNode = FALSE
	EndGlobalSection
	GlobalSection(ExtensibilityGlobals) = postSolution
		SolutionGuid = {3DB5343F-5A5B-478E-B281-FEB23B06F1B6}
	EndGlobalSection
EndGlobal
